// !$*UTF8*$!
{
	archiveVersion = 1;
	classes = {
	};
	objectVersion = 55;
	objects = {

/* Begin PBXBuildFile section */
		EB1C33D729D95C95002096F8 /* BisleriApp.swift in Sources */ = {isa = PBXBuildFile; fileRef = EB1C33D629D95C95002096F8 /* BisleriApp.swift */; };
		EB1C33DB29D95C99002096F8 /* Assets.xcassets in Resources */ = {isa = PBXBuildFile; fileRef = EB1C33DA29D95C99002096F8 /* Assets.xcassets */; };
		EB1C33DE29D95C99002096F8 /* Preview Assets.xcassets in Resources */ = {isa = PBXBuildFile; fileRef = EB1C33DD29D95C99002096F8 /* Preview Assets.xcassets */; };
		EB1C33E629D969FC002096F8 /* NetworkManager.swift in Sources */ = {isa = PBXBuildFile; fileRef = EB1C33E529D969FC002096F8 /* NetworkManager.swift */; };
		EB1C33E829D96A60002096F8 /* EndPoint.swift in Sources */ = {isa = PBXBuildFile; fileRef = EB1C33E729D96A60002096F8 /* EndPoint.swift */; };
		EB1C33EA29D96A89002096F8 /* NetworkError.swift in Sources */ = {isa = PBXBuildFile; fileRef = EB1C33E929D96A89002096F8 /* NetworkError.swift */; };
		EB1C33ED29D96B65002096F8 /* DashboardService.swift in Sources */ = {isa = PBXBuildFile; fileRef = EB1C33EC29D96B65002096F8 /* DashboardService.swift */; };
		EB1C33F029D978F6002096F8 /* EndPoint+URL.swift in Sources */ = {isa = PBXBuildFile; fileRef = EB1C33EF29D978F6002096F8 /* EndPoint+URL.swift */; };
		EB1C33F229D97973002096F8 /* EndPoint+Dashboard.swift in Sources */ = {isa = PBXBuildFile; fileRef = EB1C33F129D97973002096F8 /* EndPoint+Dashboard.swift */; };
		EB1C33F529D97AB4002096F8 /* ActivityIndicator.swift in Sources */ = {isa = PBXBuildFile; fileRef = EB1C33F429D97AB4002096F8 /* ActivityIndicator.swift */; };
		EB1C33F729D97AE3002096F8 /* NetworkMonitor.swift in Sources */ = {isa = PBXBuildFile; fileRef = EB1C33F629D97AE3002096F8 /* NetworkMonitor.swift */; };
		EB1C33FA29D97B54002096F8 /* GeneralResponse.swift in Sources */ = {isa = PBXBuildFile; fileRef = EB1C33F929D97B54002096F8 /* GeneralResponse.swift */; };
		EB1C33FE29D97BD3002096F8 /* DashboardPhoto.swift in Sources */ = {isa = PBXBuildFile; fileRef = EB1C33FD29D97BD3002096F8 /* DashboardPhoto.swift */; };
		EB1C340629D97D1D002096F8 /* DashboardViewModel.swift in Sources */ = {isa = PBXBuildFile; fileRef = EB1C340529D97D1D002096F8 /* DashboardViewModel.swift */; };
		EB1C340829D97D4D002096F8 /* DashboardView.swift in Sources */ = {isa = PBXBuildFile; fileRef = EB1C340729D97D4D002096F8 /* DashboardView.swift */; };
		EB1C340A29D97E37002096F8 /* Constants.swift in Sources */ = {isa = PBXBuildFile; fileRef = EB1C340929D97E37002096F8 /* Constants.swift */; };
		EB1C340C29D98528002096F8 /* MenuView.swift in Sources */ = {isa = PBXBuildFile; fileRef = EB1C340B29D98528002096F8 /* MenuView.swift */; };
		EB1C340E29D9868C002096F8 /* ProfileView.swift in Sources */ = {isa = PBXBuildFile; fileRef = EB1C340D29D9868C002096F8 /* ProfileView.swift */; };
		EB1C341029D98996002096F8 /* FollowersView.swift in Sources */ = {isa = PBXBuildFile; fileRef = EB1C340F29D98996002096F8 /* FollowersView.swift */; };
		EB1C341529D99788002096F8 /* DashboardDetailsView.swift in Sources */ = {isa = PBXBuildFile; fileRef = EB1C341429D99788002096F8 /* DashboardDetailsView.swift */; };
		EB1C341A29D9B16C002096F8 /* Extension.swift in Sources */ = {isa = PBXBuildFile; fileRef = EB1C341929D9B16C002096F8 /* Extension.swift */; };
		EBE01F3D29D9B68000521B4B /* ImageLoader.swift in Sources */ = {isa = PBXBuildFile; fileRef = EBE01F3C29D9B68000521B4B /* ImageLoader.swift */; };
/* End PBXBuildFile section */

/* Begin PBXFileReference section */
		EB1C33D329D95C95002096F8 /* Bisleri.app */ = {isa = PBXFileReference; explicitFileType = wrapper.application; includeInIndex = 0; path = Bisleri.app; sourceTree = BUILT_PRODUCTS_DIR; };
		EB1C33D629D95C95002096F8 /* BisleriApp.swift */ = {isa = PBXFileReference; lastKnownFileType = sourcecode.swift; path = BisleriApp.swift; sourceTree = "<group>"; };
		EB1C33DA29D95C99002096F8 /* Assets.xcassets */ = {isa = PBXFileReference; lastKnownFileType = folder.assetcatalog; path = Assets.xcassets; sourceTree = "<group>"; };
		EB1C33DD29D95C99002096F8 /* Preview Assets.xcassets */ = {isa = PBXFileReference; lastKnownFileType = folder.assetcatalog; path = "Preview Assets.xcassets"; sourceTree = "<group>"; };
		EB1C33E529D969FC002096F8 /* NetworkManager.swift */ = {isa = PBXFileReference; lastKnownFileType = sourcecode.swift; path = NetworkManager.swift; sourceTree = "<group>"; };
		EB1C33E729D96A60002096F8 /* EndPoint.swift */ = {isa = PBXFileReference; lastKnownFileType = sourcecode.swift; path = EndPoint.swift; sourceTree = "<group>"; };
		EB1C33E929D96A89002096F8 /* NetworkError.swift */ = {isa = PBXFileReference; lastKnownFileType = sourcecode.swift; path = NetworkError.swift; sourceTree = "<group>"; };
		EB1C33EC29D96B65002096F8 /* DashboardService.swift */ = {isa = PBXFileReference; lastKnownFileType = sourcecode.swift; path = DashboardService.swift; sourceTree = "<group>"; };
		EB1C33EF29D978F6002096F8 /* EndPoint+URL.swift */ = {isa = PBXFileReference; lastKnownFileType = sourcecode.swift; path = "EndPoint+URL.swift"; sourceTree = "<group>"; };
		EB1C33F129D97973002096F8 /* EndPoint+Dashboard.swift */ = {isa = PBXFileReference; lastKnownFileType = sourcecode.swift; path = "EndPoint+Dashboard.swift"; sourceTree = "<group>"; };
		EB1C33F429D97AB4002096F8 /* ActivityIndicator.swift */ = {isa = PBXFileReference; lastKnownFileType = sourcecode.swift; path = ActivityIndicator.swift; sourceTree = "<group>"; };
		EB1C33F629D97AE3002096F8 /* NetworkMonitor.swift */ = {isa = PBXFileReference; lastKnownFileType = sourcecode.swift; path = NetworkMonitor.swift; sourceTree = "<group>"; };
		EB1C33F929D97B54002096F8 /* GeneralResponse.swift */ = {isa = PBXFileReference; lastKnownFileType = sourcecode.swift; path = GeneralResponse.swift; sourceTree = "<group>"; };
		EB1C33FD29D97BD3002096F8 /* DashboardPhoto.swift */ = {isa = PBXFileReference; lastKnownFileType = sourcecode.swift; path = DashboardPhoto.swift; sourceTree = "<group>"; };
		EB1C340529D97D1D002096F8 /* DashboardViewModel.swift */ = {isa = PBXFileReference; lastKnownFileType = sourcecode.swift; path = DashboardViewModel.swift; sourceTree = "<group>"; };
		EB1C340729D97D4D002096F8 /* DashboardView.swift */ = {isa = PBXFileReference; lastKnownFileType = sourcecode.swift; path = DashboardView.swift; sourceTree = "<group>"; };
		EB1C340929D97E37002096F8 /* Constants.swift */ = {isa = PBXFileReference; lastKnownFileType = sourcecode.swift; path = Constants.swift; sourceTree = "<group>"; };
		EB1C340B29D98528002096F8 /* MenuView.swift */ = {isa = PBXFileReference; lastKnownFileType = sourcecode.swift; path = MenuView.swift; sourceTree = "<group>"; };
		EB1C340D29D9868C002096F8 /* ProfileView.swift */ = {isa = PBXFileReference; lastKnownFileType = sourcecode.swift; path = ProfileView.swift; sourceTree = "<group>"; };
		EB1C340F29D98996002096F8 /* FollowersView.swift */ = {isa = PBXFileReference; lastKnownFileType = sourcecode.swift; path = FollowersView.swift; sourceTree = "<group>"; };
		EB1C341429D99788002096F8 /* DashboardDetailsView.swift */ = {isa = PBXFileReference; lastKnownFileType = sourcecode.swift; path = DashboardDetailsView.swift; sourceTree = "<group>"; };
		EB1C341929D9B16C002096F8 /* Extension.swift */ = {isa = PBXFileReference; lastKnownFileType = sourcecode.swift; path = Extension.swift; sourceTree = "<group>"; };
		EBE01F3C29D9B68000521B4B /* ImageLoader.swift */ = {isa = PBXFileReference; lastKnownFileType = sourcecode.swift; path = ImageLoader.swift; sourceTree = "<group>"; };
/* End PBXFileReference section */

/* Begin PBXFrameworksBuildPhase section */
		EB1C33D029D95C95002096F8 /* Frameworks */ = {
			isa = PBXFrameworksBuildPhase;
			buildActionMask = 2147483647;
			files = (
			);
			runOnlyForDeploymentPostprocessing = 0;
		};
/* End PBXFrameworksBuildPhase section */

/* Begin PBXGroup section */
		EB1C33CA29D95C95002096F8 = {
			isa = PBXGroup;
			children = (
				EB1C33D529D95C95002096F8 /* Bisleri */,
				EB1C33D429D95C95002096F8 /* Products */,
			);
			sourceTree = "<group>";
		};
		EB1C33D429D95C95002096F8 /* Products */ = {
			isa = PBXGroup;
			children = (
				EB1C33D329D95C95002096F8 /* Bisleri.app */,
			);
			name = Products;
			sourceTree = "<group>";
		};
		EB1C33D529D95C95002096F8 /* Bisleri */ = {
			isa = PBXGroup;
			children = (
				EB1C33E429D969BD002096F8 /* Network */,
				EB1C33EB29D96B39002096F8 /* Services */,
				EB1C33EE29D978AA002096F8 /* EndPoints */,
				EB1C33F329D97A82002096F8 /* Helper */,
				EB1C33F829D97B3C002096F8 /* Models */,
				EB1C33FF29D97C60002096F8 /* Views */,
				EB1C340329D97CE9002096F8 /* ViewModels */,
				EB1C33D629D95C95002096F8 /* BisleriApp.swift */,
				EB1C33DA29D95C99002096F8 /* Assets.xcassets */,
				EB1C33DC29D95C99002096F8 /* Preview Content */,
			);
			path = Bisleri;
			sourceTree = "<group>";
		};
		EB1C33DC29D95C99002096F8 /* Preview Content */ = {
			isa = PBXGroup;
			children = (
				EB1C33DD29D95C99002096F8 /* Preview Assets.xcassets */,
			);
			path = "Preview Content";
			sourceTree = "<group>";
		};
		EB1C33E429D969BD002096F8 /* Network */ = {
			isa = PBXGroup;
			children = (
				EB1C33E529D969FC002096F8 /* NetworkManager.swift */,
				EB1C33E729D96A60002096F8 /* EndPoint.swift */,
				EB1C33E929D96A89002096F8 /* NetworkError.swift */,
			);
			path = Network;
			sourceTree = "<group>";
		};
		EB1C33EB29D96B39002096F8 /* Services */ = {
			isa = PBXGroup;
			children = (
				EB1C33EC29D96B65002096F8 /* DashboardService.swift */,
			);
			path = Services;
			sourceTree = "<group>";
		};
		EB1C33EE29D978AA002096F8 /* EndPoints */ = {
			isa = PBXGroup;
			children = (
				EB1C33EF29D978F6002096F8 /* EndPoint+URL.swift */,
				EB1C33F129D97973002096F8 /* EndPoint+Dashboard.swift */,
			);
			path = EndPoints;
			sourceTree = "<group>";
		};
		EB1C33F329D97A82002096F8 /* Helper */ = {
			isa = PBXGroup;
			children = (
				EB1C33F429D97AB4002096F8 /* ActivityIndicator.swift */,
				EB1C33F629D97AE3002096F8 /* NetworkMonitor.swift */,
				EB1C340929D97E37002096F8 /* Constants.swift */,
				EB1C341929D9B16C002096F8 /* Extension.swift */,
				EBE01F3C29D9B68000521B4B /* ImageLoader.swift */,
			);
			path = Helper;
			sourceTree = "<group>";
		};
		EB1C33F829D97B3C002096F8 /* Models */ = {
			isa = PBXGroup;
			children = (
				EB1C33F929D97B54002096F8 /* GeneralResponse.swift */,
				EB1C33FD29D97BD3002096F8 /* DashboardPhoto.swift */,
			);
			path = Models;
			sourceTree = "<group>";
		};
		EB1C33FF29D97C60002096F8 /* Views */ = {
			isa = PBXGroup;
			children = (
				EB1C340029D97C6E002096F8 /* DashboardView */,
			);
			path = Views;
			sourceTree = "<group>";
		};
		EB1C340029D97C6E002096F8 /* DashboardView */ = {
			isa = PBXGroup;
			children = (
				EB1C340729D97D4D002096F8 /* DashboardView.swift */,
				EB1C340B29D98528002096F8 /* MenuView.swift */,
				EB1C340D29D9868C002096F8 /* ProfileView.swift */,
				EB1C340F29D98996002096F8 /* FollowersView.swift */,
				EB1C341429D99788002096F8 /* DashboardDetailsView.swift */,
			);
			path = DashboardView;
			sourceTree = "<group>";
		};
		EB1C340329D97CE9002096F8 /* ViewModels */ = {
			isa = PBXGroup;
			children = (
				EB1C340429D97D05002096F8 /* DashboardViewModels */,
			);
			path = ViewModels;
			sourceTree = "<group>";
		};
		EB1C340429D97D05002096F8 /* DashboardViewModels */ = {
			isa = PBXGroup;
			children = (
				EB1C340529D97D1D002096F8 /* DashboardViewModel.swift */,
			);
			path = DashboardViewModels;
			sourceTree = "<group>";
		};
/* End PBXGroup section */

/* Begin PBXNativeTarget section */
		EB1C33D229D95C95002096F8 /* Bisleri */ = {
			isa = PBXNativeTarget;
			buildConfigurationList = EB1C33E129D95C99002096F8 /* Build configuration list for PBXNativeTarget "Bisleri" */;
			buildPhases = (
				EB1C33CF29D95C95002096F8 /* Sources */,
				EB1C33D029D95C95002096F8 /* Frameworks */,
				EB1C33D129D95C95002096F8 /* Resources */,
			);
			buildRules = (
			);
			dependencies = (
			);
			name = Bisleri;
			packageProductDependencies = (
			);
			productName = Bisleri;
			productReference = EB1C33D329D95C95002096F8 /* Bisleri.app */;
			productType = "com.apple.product-type.application";
		};
/* End PBXNativeTarget section */

/* Begin PBXProject section */
		EB1C33CB29D95C95002096F8 /* Project object */ = {
			isa = PBXProject;
			attributes = {
				BuildIndependentTargetsInParallel = 1;
				LastSwiftUpdateCheck = 1310;
				LastUpgradeCheck = 1310;
				TargetAttributes = {
					EB1C33D229D95C95002096F8 = {
						CreatedOnToolsVersion = 13.1;
					};
				};
			};
			buildConfigurationList = EB1C33CE29D95C95002096F8 /* Build configuration list for PBXProject "Bisleri" */;
			compatibilityVersion = "Xcode 13.0";
			developmentRegion = en;
			hasScannedForEncodings = 0;
			knownRegions = (
				en,
				Base,
			);
			mainGroup = EB1C33CA29D95C95002096F8;
			packageReferences = (
			);
			productRefGroup = EB1C33D429D95C95002096F8 /* Products */;
			projectDirPath = "";
			projectRoot = "";
			targets = (
				EB1C33D229D95C95002096F8 /* Bisleri */,
			);
		};
/* End PBXProject section */

/* Begin PBXResourcesBuildPhase section */
		EB1C33D129D95C95002096F8 /* Resources */ = {
			isa = PBXResourcesBuildPhase;
			buildActionMask = 2147483647;
			files = (
				EB1C33DE29D95C99002096F8 /* Preview Assets.xcassets in Resources */,
				EB1C33DB29D95C99002096F8 /* Assets.xcassets in Resources */,
			);
			runOnlyForDeploymentPostprocessing = 0;
		};
/* End PBXResourcesBuildPhase section */

/* Begin PBXSourcesBuildPhase section */
		EB1C33CF29D95C95002096F8 /* Sources */ = {
			isa = PBXSourcesBuildPhase;
			buildActionMask = 2147483647;
			files = (
				EB1C33F029D978F6002096F8 /* EndPoint+URL.swift in Sources */,
				EB1C33FE29D97BD3002096F8 /* DashboardPhoto.swift in Sources */,
				EBE01F3D29D9B68000521B4B /* ImageLoader.swift in Sources */,
				EB1C33E629D969FC002096F8 /* NetworkManager.swift in Sources */,
				EB1C340829D97D4D002096F8 /* DashboardView.swift in Sources */,
				EB1C33E829D96A60002096F8 /* EndPoint.swift in Sources */,
				EB1C33FA29D97B54002096F8 /* GeneralResponse.swift in Sources */,
				EB1C33D729D95C95002096F8 /* BisleriApp.swift in Sources */,
				EB1C33ED29D96B65002096F8 /* DashboardService.swift in Sources */,
				EB1C340E29D9868C002096F8 /* ProfileView.swift in Sources */,
				EB1C33EA29D96A89002096F8 /* NetworkError.swift in Sources */,
				EB1C33F729D97AE3002096F8 /* NetworkMonitor.swift in Sources */,
				EB1C341029D98996002096F8 /* FollowersView.swift in Sources */,
				EB1C341529D99788002096F8 /* DashboardDetailsView.swift in Sources */,
				EB1C341A29D9B16C002096F8 /* Extension.swift in Sources */,
				EB1C340C29D98528002096F8 /* MenuView.swift in Sources */,
				EB1C33F529D97AB4002096F8 /* ActivityIndicator.swift in Sources */,
				EB1C340A29D97E37002096F8 /* Constants.swift in Sources */,
				EB1C33F229D97973002096F8 /* EndPoint+Dashboard.swift in Sources */,
				EB1C340629D97D1D002096F8 /* DashboardViewModel.swift in Sources */,
			);
			runOnlyForDeploymentPostprocessing = 0;
		};
/* End PBXSourcesBuildPhase section */

/* Begin XCBuildConfiguration section */
		EB1C33DF29D95C99002096F8 /* Debug */ = {
			isa = XCBuildConfiguration;
			buildSettings = {
				ALWAYS_SEARCH_USER_PATHS = NO;
				CLANG_ANALYZER_NONNULL = YES;
				CLANG_ANALYZER_NUMBER_OBJECT_CONVERSION = YES_AGGRESSIVE;
				CLANG_CXX_LANGUAGE_STANDARD = "gnu++17";
				CLANG_CXX_LIBRARY = "libc++";
				CLANG_ENABLE_MODULES = YES;
				CLANG_ENABLE_OBJC_ARC = YES;
				CLANG_ENABLE_OBJC_WEAK = YES;
				CLANG_WARN_BLOCK_CAPTURE_AUTORELEASING = YES;
				CLANG_WARN_BOOL_CONVERSION = YES;
				CLANG_WARN_COMMA = YES;
				CLANG_WARN_CONSTANT_CONVERSION = YES;
				CLANG_WARN_DEPRECATED_OBJC_IMPLEMENTATIONS = YES;
				CLANG_WARN_DIRECT_OBJC_ISA_USAGE = YES_ERROR;
				CLANG_WARN_DOCUMENTATION_COMMENTS = YES;
				CLANG_WARN_EMPTY_BODY = YES;
				CLANG_WARN_ENUM_CONVERSION = YES;
				CLANG_WARN_INFINITE_RECURSION = YES;
				CLANG_WARN_INT_CONVERSION = YES;
				CLANG_WARN_NON_LITERAL_NULL_CONVERSION = YES;
				CLANG_WARN_OBJC_IMPLICIT_RETAIN_SELF = YES;
				CLANG_WARN_OBJC_LITERAL_CONVERSION = YES;
				CLANG_WARN_OBJC_ROOT_CLASS = YES_ERROR;
				CLANG_WARN_QUOTED_INCLUDE_IN_FRAMEWORK_HEADER = YES;
				CLANG_WARN_RANGE_LOOP_ANALYSIS = YES;
				CLANG_WARN_STRICT_PROTOTYPES = YES;
				CLANG_WARN_SUSPICIOUS_MOVE = YES;
				CLANG_WARN_UNGUARDED_AVAILABILITY = YES_AGGRESSIVE;
				CLANG_WARN_UNREACHABLE_CODE = YES;
				CLANG_WARN__DUPLICATE_METHOD_MATCH = YES;
				COPY_PHASE_STRIP = NO;
				DEBUG_INFORMATION_FORMAT = dwarf;
				ENABLE_STRICT_OBJC_MSGSEND = YES;
				ENABLE_TESTABILITY = YES;
				GCC_C_LANGUAGE_STANDARD = gnu11;
				GCC_DYNAMIC_NO_PIC = NO;
				GCC_NO_COMMON_BLOCKS = YES;
				GCC_OPTIMIZATION_LEVEL = 0;
				GCC_PREPROCESSOR_DEFINITIONS = (
					"DEBUG=1",
					"$(inherited)",
				);
				GCC_WARN_64_TO_32_BIT_CONVERSION = YES;
				GCC_WARN_ABOUT_RETURN_TYPE = YES_ERROR;
				GCC_WARN_UNDECLARED_SELECTOR = YES;
				GCC_WARN_UNINITIALIZED_AUTOS = YES_AGGRESSIVE;
				GCC_WARN_UNUSED_FUNCTION = YES;
				GCC_WARN_UNUSED_VARIABLE = YES;
				IPHONEOS_DEPLOYMENT_TARGET = 15.0;
				MTL_ENABLE_DEBUG_INFO = INCLUDE_SOURCE;
				MTL_FAST_MATH = YES;
				ONLY_ACTIVE_ARCH = YES;
				SDKROOT = iphoneos;
				SWIFT_ACTIVE_COMPILATION_CONDITIONS = DEBUG;
				SWIFT_OPTIMIZATION_LEVEL = "-Onone";
			};
			name = Debug;
		};
		EB1C33E029D95C99002096F8 /* Release */ = {
			isa = XCBuildConfiguration;
			buildSettings = {
				ALWAYS_SEARCH_USER_PATHS = NO;
				CLANG_ANALYZER_NONNULL = YES;
				CLANG_ANALYZER_NUMBER_OBJECT_CONVERSION = YES_AGGRESSIVE;
				CLANG_CXX_LANGUAGE_STANDARD = "gnu++17";
				CLANG_CXX_LIBRARY = "libc++";
				CLANG_ENABLE_MODULES = YES;
				CLANG_ENABLE_OBJC_ARC = YES;
				CLANG_ENABLE_OBJC_WEAK = YES;
				CLANG_WARN_BLOCK_CAPTURE_AUTORELEASING = YES;
				CLANG_WARN_BOOL_CONVERSION = YES;
				CLANG_WARN_COMMA = YES;
				CLANG_WARN_CONSTANT_CONVERSION = YES;
				CLANG_WARN_DEPRECATED_OBJC_IMPLEMENTATIONS = YES;
				CLANG_WARN_DIRECT_OBJC_ISA_USAGE = YES_ERROR;
				CLANG_WARN_DOCUMENTATION_COMMENTS = YES;
				CLANG_WARN_EMPTY_BODY = YES;
				CLANG_WARN_ENUM_CONVERSION = YES;
				CLANG_WARN_INFINITE_RECURSION = YES;
				CLANG_WARN_INT_CONVERSION = YES;
				CLANG_WARN_NON_LITERAL_NULL_CONVERSION = YES;
				CLANG_WARN_OBJC_IMPLICIT_RETAIN_SELF = YES;
				CLANG_WARN_OBJC_LITERAL_CONVERSION = YES;
				CLANG_WARN_OBJC_ROOT_CLASS = YES_ERROR;
				CLANG_WARN_QUOTED_INCLUDE_IN_FRAMEWORK_HEADER = YES;
				CLANG_WARN_RANGE_LOOP_ANALYSIS = YES;
				CLANG_WARN_STRICT_PROTOTYPES = YES;
				CLANG_WARN_SUSPICIOUS_MOVE = YES;
				CLANG_WARN_UNGUARDED_AVAILABILITY = YES_AGGRESSIVE;
				CLANG_WARN_UNREACHABLE_CODE = YES;
				CLANG_WARN__DUPLICATE_METHOD_MATCH = YES;
				COPY_PHASE_STRIP = NO;
				DEBUG_INFORMATION_FORMAT = "dwarf-with-dsym";
				ENABLE_NS_ASSERTIONS = NO;
				ENABLE_STRICT_OBJC_MSGSEND = YES;
				GCC_C_LANGUAGE_STANDARD = gnu11;
				GCC_NO_COMMON_BLOCKS = YES;
				GCC_WARN_64_TO_32_BIT_CONVERSION = YES;
				GCC_WARN_ABOUT_RETURN_TYPE = YES_ERROR;
				GCC_WARN_UNDECLARED_SELECTOR = YES;
				GCC_WARN_UNINITIALIZED_AUTOS = YES_AGGRESSIVE;
				GCC_WARN_UNUSED_FUNCTION = YES;
				GCC_WARN_UNUSED_VARIABLE = YES;
				IPHONEOS_DEPLOYMENT_TARGET = 15.0;
				MTL_ENABLE_DEBUG_INFO = NO;
				MTL_FAST_MATH = YES;
				SDKROOT = iphoneos;
				SWIFT_COMPILATION_MODE = wholemodule;
				SWIFT_OPTIMIZATION_LEVEL = "-O";
				VALIDATE_PRODUCT = YES;
			};
			name = Release;
		};
		EB1C33E229D95C99002096F8 /* Debug */ = {
			isa = XCBuildConfiguration;
			buildSettings = {
				ASSETCATALOG_COMPILER_APPICON_NAME = AppIcon;
				ASSETCATALOG_COMPILER_GLOBAL_ACCENT_COLOR_NAME = AccentColor;
				CODE_SIGN_STYLE = Automatic;
				CURRENT_PROJECT_VERSION = 1;
				DEVELOPMENT_ASSET_PATHS = "\"Bisleri/Preview Content\"";
				DEVELOPMENT_TEAM = UMYDDGUTXN;
				ENABLE_PREVIEWS = YES;
				GENERATE_INFOPLIST_FILE = YES;
				INFOPLIST_KEY_UIApplicationSceneManifest_Generation = YES;
				INFOPLIST_KEY_UIApplicationSupportsIndirectInputEvents = YES;
				INFOPLIST_KEY_UILaunchScreen_Generation = YES;
				INFOPLIST_KEY_UISupportedInterfaceOrientations_iPad = "UIInterfaceOrientationPortrait UIInterfaceOrientationPortraitUpsideDown UIInterfaceOrientationLandscapeLeft UIInterfaceOrientationLandscapeRight";
				INFOPLIST_KEY_UISupportedInterfaceOrientations_iPhone = "UIInterfaceOrientationPortrait UIInterfaceOrientationLandscapeLeft UIInterfaceOrientationLandscapeRight";
				LD_RUNPATH_SEARCH_PATHS = (
					"$(inherited)",
					"@executable_path/Frameworks",
				);
				MARKETING_VERSION = 1.0;
				PRODUCT_BUNDLE_IDENTIFIER = com.bisleri.Bisleri;
				PRODUCT_NAME = "$(TARGET_NAME)";
				SWIFT_EMIT_LOC_STRINGS = YES;
				SWIFT_VERSION = 5.0;
				TARGETED_DEVICE_FAMILY = "1,2";
			};
			name = Debug;
		};
		EB1C33E329D95C99002096F8 /* Release */ = {
			isa = XCBuildConfiguration;
			buildSettings = {
				ASSETCATALOG_COMPILER_APPICON_NAME = AppIcon;
				ASSETCATALOG_COMPILER_GLOBAL_ACCENT_COLOR_NAME = AccentColor;
				CODE_SIGN_STYLE = Automatic;
				CURRENT_PROJECT_VERSION = 1;
				DEVELOPMENT_ASSET_PATHS = "\"Bisleri/Preview Content\"";
				DEVELOPMENT_TEAM = UMYDDGUTXN;
				ENABLE_PREVIEWS = YES;
				GENERATE_INFOPLIST_FILE = YES;
				INFOPLIST_KEY_UIApplicationSceneManifest_Generation = YES;
				INFOPLIST_KEY_UIApplicationSupportsIndirectInputEvents = YES;
				INFOPLIST_KEY_UILaunchScreen_Generation = YES;
				INFOPLIST_KEY_UISupportedInterfaceOrientations_iPad = "UIInterfaceOrientationPortrait UIInterfaceOrientationPortraitUpsideDown UIInterfaceOrientationLandscapeLeft UIInterfaceOrientationLandscapeRight";
				INFOPLIST_KEY_UISupportedInterfaceOrientations_iPhone = "UIInterfaceOrientationPortrait UIInterfaceOrientationLandscapeLeft UIInterfaceOrientationLandscapeRight";
				LD_RUNPATH_SEARCH_PATHS = (
					"$(inherited)",
					"@executable_path/Frameworks",
				);
				MARKETING_VERSION = 1.0;
				PRODUCT_BUNDLE_IDENTIFIER = com.bisleri.Bisleri;
				PRODUCT_NAME = "$(TARGET_NAME)";
				SWIFT_EMIT_LOC_STRINGS = YES;
				SWIFT_VERSION = 5.0;
				TARGETED_DEVICE_FAMILY = "1,2";
			};
			name = Release;
		};
/* End XCBuildConfiguration section */

/* Begin XCConfigurationList section */
		EB1C33CE29D95C95002096F8 /* Build configuration list for PBXProject "Bisleri" */ = {
			isa = XCConfigurationList;
			buildConfigurations = (
				EB1C33DF29D95C99002096F8 /* Debug */,
				EB1C33E029D95C99002096F8 /* Release */,
			);
			defaultConfigurationIsVisible = 0;
			defaultConfigurationName = Release;
		};
		EB1C33E129D95C99002096F8 /* Build configuration list for PBXNativeTarget "Bisleri" */ = {
			isa = XCConfigurationList;
			buildConfigurations = (
				EB1C33E229D95C99002096F8 /* Debug */,
				EB1C33E329D95C99002096F8 /* Release */,
			);
			defaultConfigurationIsVisible = 0;
			defaultConfigurationName = Release;
		};
/* End XCConfigurationList section */
	};
	rootObject = EB1C33CB29D95C95002096F8 /* Project object */;
}
